
Microsoft Visual Studio Solution File, Format Version 12.00
# Visual Studio Version 16
VisualStudioVersion = 16.0.30907.101
MinimumVisualStudioVersion = 10.0.40219.1
Project("{FAE04EC0-301F-11D3-BF4B-00C04F79EFBC}") = "ThinkBridge_Assignment", "ThinkBridge_Assignment\ThinkBridge_Assignment.csproj", "{C621FD97-871A-481A-89A3-7B2F44B66702}"
EndProject
Global
	GlobalSection(SolutionConfigurationPlatforms) = preSolution
		Debug|Any CPU = Debug|Any CPU
		Release|Any CPU = Release|Any CPU
	EndGlobalSection
	GlobalSection(ProjectConfigurationPlatforms) = postSolution
		{C621FD97-871A-481A-89A3-7B2F44B66702}.Debug|Any CPU.ActiveCfg = Debug|Any CPU
		{C621FD97-871A-481A-89A3-7B2F44B66702}.Debug|Any CPU.Build.0 = Debug|Any CPU
		{C621FD97-871A-481A-89A3-7B2F44B66702}.Release|Any CPU.ActiveCfg = Release|Any CPU
		{C621FD97-871A-481A-89A3-7B2F44B66702}.Release|Any CPU.Build.0 = Release|Any CPU
	EndGlobalSection
	GlobalSection(SolutionProperties) = preSolution
		HideSolutionNode = FALSE
	EndGlobalSection
	GlobalSection(ExtensibilityGlobals) = postSolution
		SolutionGuid = {A122D4FB-779C-433B-A706-3044AE0F6AF8}
	EndGlobalSection
EndGlobal
